Microsoft Visual Studio Solution File, Format Version 12.00
# Visual Studio Version 17
VisualStudioVersion = 17.5.2.0
MinimumVisualStudioVersion = 10.0.40219.1
Project("{FAE04EC0-301F-11D3-BF4B-00C04F79EFBC}") = "CarTitleOCR", "CarTitleOCR\CarTitleOCR.csproj", "{0A2C1705-7898-4642-EBB1-962607EC40F0}"
EndProject
Global
	GlobalSection(SolutionConfigurationPlatforms) = preSolution
		Debug|Any CPU = Debug|Any CPU
		Release|Any CPU = Release|Any CPU
	EndGlobalSection
	GlobalSection(ProjectConfigurationPlatforms) = postSolution
		{0A2C1705-7898-4642-EBB1-962607EC40F0}.Debug|Any CPU.ActiveCfg = Debug|Any CPU
		{0A2C1705-7898-4642-EBB1-962607EC40F0}.Debug|Any CPU.Build.0 = Debug|Any CPU
		{0A2C1705-7898-4642-EBB1-962607EC40F0}.Release|Any CPU.ActiveCfg = Release|Any CPU
		{0A2C1705-7898-4642-EBB1-962607EC40F0}.Release|Any CPU.Build.0 = Release|Any CPU
	EndGlobalSection
	GlobalSection(SolutionProperties) = preSolution
		HideSolutionNode = FALSE
	EndGlobalSection
	GlobalSection(ExtensibilityGlobals) = postSolution
		SolutionGuid = {95F159E3-9E51-4189-BC9D-5DF6508FB92D}
	EndGlobalSection
EndGlobal
